dependencies:
- name: developer-hub
  repository: https://gist.githubusercontent.com/rhdh-bot/63cef5cb6285889527bd6a67c0e1c2a9/raw/be57b45121ce9206b8b0c88e07ed444ad2710fe8
  version: 1.0.0-1
digest: sha256:052c443d6d3d761106da050b6c2c75782854ea459ec1a48eab9650328dd1007c
generated: "2024-01-18T11:17:34.412374384-05:00"
