dependencies:
- name: developer-hub
  repository: https://gist.githubusercontent.com/rhdh-bot/63cef5cb6285889527bd6a67c0e1c2a9/raw/1321d62343b208213089549b8a1050d9c3f48551
  version: 1.1-7-CI
digest: sha256:c5732879ab618422e2e30bc7be3f1497c9245de5d58b503729077009269a9049
generated: "2023-12-20T16:55:41.194467535-05:00"
